
Microsoft Visual Studio Solution File, Format Version 12.00
# Visual Studio Version 17
VisualStudioVersion = 17.7.34031.279
MinimumVisualStudioVersion = 10.0.40219.1
Project("{FAE04EC0-301F-11D3-BF4B-00C04F79EFBC}") = "POKEMON RED", "POKEMON RED\POKEMON RED.csproj", "{CD4C2502-457E-42BB-94D3-579E73414001}"
EndProject
Global
	GlobalSection(SolutionConfigurationPlatforms) = preSolution
		Debug|Any CPU = Debug|Any CPU
		Release|Any CPU = Release|Any CPU
	EndGlobalSection
	GlobalSection(ProjectConfigurationPlatforms) = postSolution
		{CD4C2502-457E-42BB-94D3-579E73414001}.Debug|Any CPU.ActiveCfg = Debug|Any CPU
		{CD4C2502-457E-42BB-94D3-579E73414001}.Debug|Any CPU.Build.0 = Debug|Any CPU
		{CD4C2502-457E-42BB-94D3-579E73414001}.Release|Any CPU.ActiveCfg = Release|Any CPU
		{CD4C2502-457E-42BB-94D3-579E73414001}.Release|Any CPU.Build.0 = Release|Any CPU
	EndGlobalSection
	GlobalSection(SolutionProperties) = preSolution
		HideSolutionNode = FALSE
	EndGlobalSection
	GlobalSection(ExtensibilityGlobals) = postSolution
		SolutionGuid = {A7B08B84-9C73-484E-9799-89372CAF266D}
	EndGlobalSection
EndGlobal
